// !$*UTF8*$!
{
	archiveVersion = 1;
	classes = {
	};
	objectVersion = 50;
	objects = {

/* Begin PBXBuildFile section */
		B758039E2467F9AB000D4BC1 /* AppDelegate.swift in Sources */ = {isa = PBXBuildFile; fileRef = B758039D2467F9AB000D4BC1 /* AppDelegate.swift */; };
		B75803A02467F9AB000D4BC1 /* SceneDelegate.swift in Sources */ = {isa = PBXBuildFile; fileRef = B758039F2467F9AB000D4BC1 /* SceneDelegate.swift */; };
		B75803A22467F9AB000D4BC1 /* ViewController.swift in Sources */ = {isa = PBXBuildFile; fileRef = B75803A12467F9AB000D4BC1 /* ViewController.swift */; };
		B75803A52467F9AB000D4BC1 /* Main.storyboard in Resources */ = {isa = PBXBuildFile; fileRef = B75803A32467F9AB000D4BC1 /* Main.storyboard */; };
		B75803A72467F9AC000D4BC1 /* Assets.xcassets in Resources */ = {isa = PBXBuildFile; fileRef = B75803A62467F9AC000D4BC1 /* Assets.xcassets */; };
		B75803AA2467F9AC000D4BC1 /* LaunchScreen.storyboard in Resources */ = {isa = PBXBuildFile; fileRef = B75803A82467F9AC000D4BC1 /* LaunchScreen.storyboard */; };
		B78EB699247D52720031E7DB /* weatherManager.swift in Sources */ = {isa = PBXBuildFile; fileRef = B78EB698247D52720031E7DB /* weatherManager.swift */; };
		B78EB69B247E639C0031E7DB /* weatherData.swift in Sources */ = {isa = PBXBuildFile; fileRef = B78EB69A247E639C0031E7DB /* weatherData.swift */; };
		B78EB69F247E6FC40031E7DB /* weatherModel.swift in Sources */ = {isa = PBXBuildFile; fileRef = B78EB69E247E6FC40031E7DB /* weatherModel.swift */; };
/* End PBXBuildFile section */

/* Begin PBXFileReference section */
		B758039A2467F9AB000D4BC1 /* Weather_project.app */ = {isa = PBXFileReference; explicitFileType = wrapper.application; includeInIndex = 0; path = Weather_project.app; sourceTree = BUILT_PRODUCTS_DIR; };
		B758039D2467F9AB000D4BC1 /* AppDelegate.swift */ = {isa = PBXFileReference; lastKnownFileType = sourcecode.swift; path = AppDelegate.swift; sourceTree = "<group>"; };
		B758039F2467F9AB000D4BC1 /* SceneDelegate.swift */ = {isa = PBXFileReference; lastKnownFileType = sourcecode.swift; path = SceneDelegate.swift; sourceTree = "<group>"; };
		B75803A12467F9AB000D4BC1 /* ViewController.swift */ = {isa = PBXFileReference; lastKnownFileType = sourcecode.swift; path = ViewController.swift; sourceTree = "<group>"; };
		B75803A42467F9AB000D4BC1 /* Base */ = {isa = PBXFileReference; lastKnownFileType = file.storyboard; name = Base; path = Base.lproj/Main.storyboard; sourceTree = "<group>"; };
		B75803A62467F9AC000D4BC1 /* Assets.xcassets */ = {isa = PBXFileReference; lastKnownFileType = folder.assetcatalog; path = Assets.xcassets; sourceTree = "<group>"; };
		B75803A92467F9AC000D4BC1 /* Base */ = {isa = PBXFileReference; lastKnownFileType = file.storyboard; name = Base; path = Base.lproj/LaunchScreen.storyboard; sourceTree = "<group>"; };
		B75803AB2467F9AC000D4BC1 /* Info.plist */ = {isa = PBXFileReference; lastKnownFileType = text.plist.xml; path = Info.plist; sourceTree = "<group>"; };
		B78EB698247D52720031E7DB /* weatherManager.swift */ = {isa = PBXFileReference; lastKnownFileType = sourcecode.swift; path = weatherManager.swift; sourceTree = "<group>"; };
		B78EB69A247E639C0031E7DB /* weatherData.swift */ = {isa = PBXFileReference; lastKnownFileType = sourcecode.swift; path = weatherData.swift; sourceTree = "<group>"; };
		B78EB69E247E6FC40031E7DB /* weatherModel.swift */ = {isa = PBXFileReference; lastKnownFileType = sourcecode.swift; path = weatherModel.swift; sourceTree = "<group>"; };
/* End PBXFileReference section */

/* Begin PBXFrameworksBuildPhase section */
		B75803972467F9AB000D4BC1 /* Frameworks */ = {
			isa = PBXFrameworksBuildPhase;
			buildActionMask = 2147483647;
			files = (
			);
			runOnlyForDeploymentPostprocessing = 0;
		};
/* End PBXFrameworksBuildPhase section */

/* Begin PBXGroup section */
		B75803912467F9AB000D4BC1 = {
			isa = PBXGroup;
			children = (
				B758039C2467F9AB000D4BC1 /* Weather_project */,
				B758039B2467F9AB000D4BC1 /* Products */,
			);
			sourceTree = "<group>";
		};
		B758039B2467F9AB000D4BC1 /* Products */ = {
			isa = PBXGroup;
			children = (
				B758039A2467F9AB000D4BC1 /* Weather_project.app */,
			);
			name = Products;
			sourceTree = "<group>";
		};
		B758039C2467F9AB000D4BC1 /* Weather_project */ = {
			isa = PBXGroup;
			children = (
				B78EB697247D52290031E7DB /* Model */,
				B758039D2467F9AB000D4BC1 /* AppDelegate.swift */,
				B758039F2467F9AB000D4BC1 /* SceneDelegate.swift */,
				B75803A12467F9AB000D4BC1 /* ViewController.swift */,
				B75803A32467F9AB000D4BC1 /* Main.storyboard */,
				B75803A62467F9AC000D4BC1 /* Assets.xcassets */,
				B75803A82467F9AC000D4BC1 /* LaunchScreen.storyboard */,
				B75803AB2467F9AC000D4BC1 /* Info.plist */,
			);
			path = Weather_project;
			sourceTree = "<group>";
		};
		B78EB697247D52290031E7DB /* Model */ = {
			isa = PBXGroup;
			children = (
				B78EB698247D52720031E7DB /* weatherManager.swift */,
				B78EB69A247E639C0031E7DB /* weatherData.swift */,
				B78EB69E247E6FC40031E7DB /* weatherModel.swift */,
			);
			path = Model;
			sourceTree = "<group>";
		};
/* End PBXGroup section */

/* Begin PBXNativeTarget section */
		B75803992467F9AB000D4BC1 /* Weather_project */ = {
			isa = PBXNativeTarget;
			buildConfigurationList = B75803AE2467F9AC000D4BC1 /* Build configuration list for PBXNativeTarget "Weather_project" */;
			buildPhases = (
				B75803962467F9AB000D4BC1 /* Sources */,
				B75803972467F9AB000D4BC1 /* Frameworks */,
				B75803982467F9AB000D4BC1 /* Resources */,
			);
			buildRules = (
			);
			dependencies = (
			);
			name = Weather_project;
			productName = Weather_project;
			productReference = B758039A2467F9AB000D4BC1 /* Weather_project.app */;
			productType = "com.apple.product-type.application";
		};
/* End PBXNativeTarget section */

/* Begin PBXProject section */
		B75803922467F9AB000D4BC1 /* Project object */ = {
			isa = PBXProject;
			attributes = {
				LastSwiftUpdateCheck = 1130;
				LastUpgradeCheck = 1130;
				ORGANIZATIONNAME = "Esther Chasin";
				TargetAttributes = {
					B75803992467F9AB000D4BC1 = {
						CreatedOnToolsVersion = 11.3.1;
					};
				};
			};
			buildConfigurationList = B75803952467F9AB000D4BC1 /* Build configuration list for PBXProject "Weather_project" */;
			compatibilityVersion = "Xcode 9.3";
			developmentRegion = en;
			hasScannedForEncodings = 0;
			knownRegions = (
				en,
				Base,
			);
			mainGroup = B75803912467F9AB000D4BC1;
			productRefGroup = B758039B2467F9AB000D4BC1 /* Products */;
			projectDirPath = "";
			projectRoot = "";
			targets = (
				B75803992467F9AB000D4BC1 /* Weather_project */,
			);
		};
/* End PBXProject section */

/* Begin PBXResourcesBuildPhase section */
		B75803982467F9AB000D4BC1 /* Resources */ = {
			isa = PBXResourcesBuildPhase;
			buildActionMask = 2147483647;
			files = (
				B75803AA2467F9AC000D4BC1 /* LaunchScreen.storyboard in Resources */,
				B75803A72467F9AC000D4BC1 /* Assets.xcassets in Resources */,
				B75803A52467F9AB000D4BC1 /* Main.storyboard in Resources */,
			);
			runOnlyForDeploymentPostprocessing = 0;
		};
/* End PBXResourcesBuildPhase section */

/* Begin PBXSourcesBuildPhase section */
		B75803962467F9AB000D4BC1 /* Sources */ = {
			isa = PBXSourcesBuildPhase;
			buildActionMask = 2147483647;
			files = (
				B75803A22467F9AB000D4BC1 /* ViewController.swift in Sources */,
				B78EB69B247E639C0031E7DB /* weatherData.swift in Sources */,
				B758039E2467F9AB000D4BC1 /* AppDelegate.swift in Sources */,
				B78EB699247D52720031E7DB /* weatherManager.swift in Sources */,
				B78EB69F247E6FC40031E7DB /* weatherModel.swift in Sources */,
				B75803A02467F9AB000D4BC1 /* SceneDelegate.swift in Sources */,
			);
			runOnlyForDeploymentPostprocessing = 0;
		};
/* End PBXSourcesBuildPhase section */

/* Begin PBXVariantGroup section */
		B75803A32467F9AB000D4BC1 /* Main.storyboard */ = {
			isa = PBXVariantGroup;
			children = (
				B75803A42467F9AB000D4BC1 /* Base */,
			);
			name = Main.storyboard;
			sourceTree = "<group>";
		};
		B75803A82467F9AC000D4BC1 /* LaunchScreen.storyboard */ = {
			isa = PBXVariantGroup;
			children = (
				B75803A92467F9AC000D4BC1 /* Base */,
			);
			name = LaunchScreen.storyboard;
			sourceTree = "<group>";
		};
/* End PBXVariantGroup section */

/* Begin XCBuildConfiguration section */
		B75803AC2467F9AC000D4BC1 /* Debug */ = {
			isa = XCBuildConfiguration;
			buildSettings = {
				ALWAYS_SEARCH_USER_PATHS = NO;
				CLANG_ANALYZER_NONNULL = YES;
				CLANG_ANALYZER_NUMBER_OBJECT_CONVERSION = YES_AGGRESSIVE;
				CLANG_CXX_LANGUAGE_STANDARD = "gnu++14";
				CLANG_CXX_LIBRARY = "libc++";
				CLANG_ENABLE_MODULES = YES;
				CLANG_ENABLE_OBJC_ARC = YES;
				CLANG_ENABLE_OBJC_WEAK = YES;
				CLANG_WARN_BLOCK_CAPTURE_AUTORELEASING = YES;
				CLANG_WARN_BOOL_CONVERSION = YES;
				CLANG_WARN_COMMA = YES;
				CLANG_WARN_CONSTANT_CONVERSION = YES;
				CLANG_WARN_DEPRECATED_OBJC_IMPLEMENTATIONS = YES;
				CLANG_WARN_DIRECT_OBJC_ISA_USAGE = YES_ERROR;
				CLANG_WARN_DOCUMENTATION_COMMENTS = YES;
				CLANG_WARN_EMPTY_BODY = YES;
				CLANG_WARN_ENUM_CONVERSION = YES;
				CLANG_WARN_INFINITE_RECURSION = YES;
				CLANG_WARN_INT_CONVERSION = YES;
				CLANG_WARN_NON_LITERAL_NULL_CONVERSION = YES;
				CLANG_WARN_OBJC_IMPLICIT_RETAIN_SELF = YES;
				CLANG_WARN_OBJC_LITERAL_CONVERSION = YES;
				CLANG_WARN_OBJC_ROOT_CLASS = YES_ERROR;
				CLANG_WARN_RANGE_LOOP_ANALYSIS = YES;
				CLANG_WARN_STRICT_PROTOTYPES = YES;
				CLANG_WARN_SUSPICIOUS_MOVE = YES;
				CLANG_WARN_UNGUARDED_AVAILABILITY = YES_AGGRESSIVE;
				CLANG_WARN_UNREACHABLE_CODE = YES;
				CLANG_WARN__DUPLICATE_METHOD_MATCH = YES;
				COPY_PHASE_STRIP = NO;
				DEBUG_INFORMATION_FORMAT = dwarf;
				ENABLE_STRICT_OBJC_MSGSEND = YES;
				ENABLE_TESTABILITY = YES;
				GCC_C_LANGUAGE_STANDARD = gnu11;
				GCC_DYNAMIC_NO_PIC = NO;
				GCC_NO_COMMON_BLOCKS = YES;
				GCC_OPTIMIZATION_LEVEL = 0;
				GCC_PREPROCESSOR_DEFINITIONS = (
					"DEBUG=1",
					"$(inherited)",
				);
				GCC_WARN_64_TO_32_BIT_CONVERSION = YES;
				GCC_WARN_ABOUT_RETURN_TYPE = YES_ERROR;
				GCC_WARN_UNDECLARED_SELECTOR = YES;
				GCC_WARN_UNINITIALIZED_AUTOS = YES_AGGRESSIVE;
				GCC_WARN_UNUSED_FUNCTION = YES;
				GCC_WARN_UNUSED_VARIABLE = YES;
				IPHONEOS_DEPLOYMENT_TARGET = 13.2;
				MTL_ENABLE_DEBUG_INFO = INCLUDE_SOURCE;
				MTL_FAST_MATH = YES;
				ONLY_ACTIVE_ARCH = YES;
				SDKROOT = iphoneos;
				SWIFT_ACTIVE_COMPILATION_CONDITIONS = DEBUG;
				SWIFT_OPTIMIZATION_LEVEL = "-Onone";
			};
			name = Debug;
		};
		B75803AD2467F9AC000D4BC1 /* Release */ = {
			isa = XCBuildConfiguration;
			buildSettings = {
				ALWAYS_SEARCH_USER_PATHS = NO;
				CLANG_ANALYZER_NONNULL = YES;
				CLANG_ANALYZER_NUMBER_OBJECT_CONVERSION = YES_AGGRESSIVE;
				CLANG_CXX_LANGUAGE_STANDARD = "gnu++14";
				CLANG_CXX_LIBRARY = "libc++";
				CLANG_ENABLE_MODULES = YES;
				CLANG_ENABLE_OBJC_ARC = YES;
				CLANG_ENABLE_OBJC_WEAK = YES;
				CLANG_WARN_BLOCK_CAPTURE_AUTORELEASING = YES;
				CLANG_WARN_BOOL_CONVERSION = YES;
				CLANG_WARN_COMMA = YES;
				CLANG_WARN_CONSTANT_CONVERSION = YES;
				CLANG_WARN_DEPRECATED_OBJC_IMPLEMENTATIONS = YES;
				CLANG_WARN_DIRECT_OBJC_ISA_USAGE = YES_ERROR;
				CLANG_WARN_DOCUMENTATION_COMMENTS = YES;
				CLANG_WARN_EMPTY_BODY = YES;
				CLANG_WARN_ENUM_CONVERSION = YES;
				CLANG_WARN_INFINITE_RECURSION = YES;
				CLANG_WARN_INT_CONVERSION = YES;
				CLANG_WARN_NON_LITERAL_NULL_CONVERSION = YES;
				CLANG_WARN_OBJC_IMPLICIT_RETAIN_SELF = YES;
				CLANG_WARN_OBJC_LITERAL_CONVERSION = YES;
				CLANG_WARN_OBJC_ROOT_CLASS = YES_ERROR;
				CLANG_WARN_RANGE_LOOP_ANALYSIS = YES;
				CLANG_WARN_STRICT_PROTOTYPES = YES;
				CLANG_WARN_SUSPICIOUS_MOVE = YES;
				CLANG_WARN_UNGUARDED_AVAILABILITY = YES_AGGRESSIVE;
				CLANG_WARN_UNREACHABLE_CODE = YES;
				CLANG_WARN__DUPLICATE_METHOD_MATCH = YES;
				COPY_PHASE_STRIP = NO;
				DEBUG_INFORMATION_FORMAT = "dwarf-with-dsym";
				ENABLE_NS_ASSERTIONS = NO;
				ENABLE_STRICT_OBJC_MSGSEND = YES;
				GCC_C_LANGUAGE_STANDARD = gnu11;
				GCC_NO_COMMON_BLOCKS = YES;
				GCC_WARN_64_TO_32_BIT_CONVERSION = YES;
				GCC_WARN_ABOUT_RETURN_TYPE = YES_ERROR;
				GCC_WARN_UNDECLARED_SELECTOR = YES;
				GCC_WARN_UNINITIALIZED_AUTOS = YES_AGGRESSIVE;
				GCC_WARN_UNUSED_FUNCTION = YES;
				GCC_WARN_UNUSED_VARIABLE = YES;
				IPHONEOS_DEPLOYMENT_TARGET = 13.2;
				MTL_ENABLE_DEBUG_INFO = NO;
				MTL_FAST_MATH = YES;
				SDKROOT = iphoneos;
				SWIFT_COMPILATION_MODE = wholemodule;
				SWIFT_OPTIMIZATION_LEVEL = "-O";
				VALIDATE_PRODUCT = YES;
			};
			name = Release;
		};
		B75803AF2467F9AC000D4BC1 /* Debug */ = {
			isa = XCBuildConfiguration;
			buildSettings = {
				ASSETCATALOG_COMPILER_APPICON_NAME = AppIcon;
				CODE_SIGN_STYLE = Automatic;
				INFOPLIST_FILE = Weather_project/Info.plist;
				LD_RUNPATH_SEARCH_PATHS = (
					"$(inherited)",
					"@executable_path/Frameworks",
				);
				PRODUCT_BUNDLE_IDENTIFIER = "col.il.hackeru.Weather-project";
				PRODUCT_NAME = "$(TARGET_NAME)";
				SWIFT_VERSION = 5.0;
				TARGETED_DEVICE_FAMILY = "1,2";
			};
			name = Debug;
		};
		B75803B02467F9AC000D4BC1 /* Release */ = {
			isa = XCBuildConfiguration;
			buildSettings = {
				ASSETCATALOG_COMPILER_APPICON_NAME = AppIcon;
				CODE_SIGN_STYLE = Automatic;
				INFOPLIST_FILE = Weather_project/Info.plist;
				LD_RUNPATH_SEARCH_PATHS = (
					"$(inherited)",
					"@executable_path/Frameworks",
				);
				PRODUCT_BUNDLE_IDENTIFIER = "col.il.hackeru.Weather-project";
				PRODUCT_NAME = "$(TARGET_NAME)";
				SWIFT_VERSION = 5.0;
				TARGETED_DEVICE_FAMILY = "1,2";
			};
			name = Release;
		};
/* End XCBuildConfiguration section */

/* Begin XCConfigurationList section */
		B75803952467F9AB000D4BC1 /* Build configuration list for PBXProject "Weather_project" */ = {
			isa = XCConfigurationList;
			buildConfigurations = (
				B75803AC2467F9AC000D4BC1 /* Debug */,
				B75803AD2467F9AC000D4BC1 /* Release */,
			);
			defaultConfigurationIsVisible = 0;
			defaultConfigurationName = Release;
		};
		B75803AE2467F9AC000D4BC1 /* Build configuration list for PBXNativeTarget "Weather_project" */ = {
			isa = XCConfigurationList;
			buildConfigurations = (
				B75803AF2467F9AC000D4BC1 /* Debug */,
				B75803B02467F9AC000D4BC1 /* Release */,
			);
			defaultConfigurationIsVisible = 0;
			defaultConfigurationName = Release;
		};
/* End XCConfigurationList section */
	};
	rootObject = B75803922467F9AB000D4BC1 /* Project object */;
}
